{
  "name": "komdigi-fsd-intermediate-modul-1-backend-health-ecommerce-js-foundation-starter",
  "version": "1.0.0",
  "lockfileVersion": 3,
  "requires": true,
  "packages": {
    "": {
      "name": "komdigi-fsd-intermediate-modul-1-backend-health-ecommerce-js-foundation-starter",
      "version": "1.0.0",
      "license": "MIT"
    }
  }
}
